// !$*UTF8*$!
{
	archiveVersion = 1;
	classes = {
	};
	objectVersion = 46;
	objects = {

/* Begin PBXBuildFile section */
		2A5A75B33B3FD86DB2B9287C /* Pods_Lab1_rgbHistogram.framework in Frameworks */ = {isa = PBXBuildFile; fileRef = 66FD77AA0422A9B0C0944A5E /* Pods_Lab1_rgbHistogram.framework */; };
		94105EE81E6C654F00B1F1AE /* AppDelegate.swift in Sources */ = {isa = PBXBuildFile; fileRef = 94105EE71E6C654F00B1F1AE /* AppDelegate.swift */; };
		94105EEA1E6C654F00B1F1AE /* RGBHistViewController.swift in Sources */ = {isa = PBXBuildFile; fileRef = 94105EE91E6C654F00B1F1AE /* RGBHistViewController.swift */; };
		94105EED1E6C654F00B1F1AE /* Main.storyboard in Resources */ = {isa = PBXBuildFile; fileRef = 94105EEB1E6C654F00B1F1AE /* Main.storyboard */; };
		94105EEF1E6C654F00B1F1AE /* Assets.xcassets in Resources */ = {isa = PBXBuildFile; fileRef = 94105EEE1E6C654F00B1F1AE /* Assets.xcassets */; };
		94105EF21E6C654F00B1F1AE /* LaunchScreen.storyboard in Resources */ = {isa = PBXBuildFile; fileRef = 94105EF01E6C654F00B1F1AE /* LaunchScreen.storyboard */; };
/* End PBXBuildFile section */

/* Begin PBXFileReference section */
		66FD77AA0422A9B0C0944A5E /* Pods_Lab1_rgbHistogram.framework */ = {isa = PBXFileReference; explicitFileType = wrapper.framework; includeInIndex = 0; path = Pods_Lab1_rgbHistogram.framework; sourceTree = BUILT_PRODUCTS_DIR; };
		8BB59AC432543EA9BF7C68EC /* Pods-Lab1_rgbHistogram.debug.xcconfig */ = {isa = PBXFileReference; includeInIndex = 1; lastKnownFileType = text.xcconfig; name = "Pods-Lab1_rgbHistogram.debug.xcconfig"; path = "../Pods/Target Support Files/Pods-Lab1_rgbHistogram/Pods-Lab1_rgbHistogram.debug.xcconfig"; sourceTree = "<group>"; };
		94105EE41E6C654F00B1F1AE /* Lab1_rgbHistogram.app */ = {isa = PBXFileReference; explicitFileType = wrapper.application; includeInIndex = 0; path = Lab1_rgbHistogram.app; sourceTree = BUILT_PRODUCTS_DIR; };
		94105EE71E6C654F00B1F1AE /* AppDelegate.swift */ = {isa = PBXFileReference; lastKnownFileType = sourcecode.swift; path = AppDelegate.swift; sourceTree = "<group>"; };
		94105EE91E6C654F00B1F1AE /* RGBHistViewController.swift */ = {isa = PBXFileReference; lastKnownFileType = sourcecode.swift; path = RGBHistViewController.swift; sourceTree = "<group>"; };
		94105EEC1E6C654F00B1F1AE /* Base */ = {isa = PBXFileReference; lastKnownFileType = file.storyboard; name = Base; path = Base.lproj/Main.storyboard; sourceTree = "<group>"; };
		94105EEE1E6C654F00B1F1AE /* Assets.xcassets */ = {isa = PBXFileReference; lastKnownFileType = folder.assetcatalog; path = Assets.xcassets; sourceTree = "<group>"; };
		94105EF11E6C654F00B1F1AE /* Base */ = {isa = PBXFileReference; lastKnownFileType = file.storyboard; name = Base; path = Base.lproj/LaunchScreen.storyboard; sourceTree = "<group>"; };
		94105EF31E6C654F00B1F1AE /* Lab1_rgbHistogram-Info.plist */ = {isa = PBXFileReference; lastKnownFileType = text.plist.xml; path = "Lab1_rgbHistogram-Info.plist"; sourceTree = "<group>"; };
		94105F021E6C664700B1F1AE /* PrefixHeader.pch */ = {isa = PBXFileReference; fileEncoding = 4; lastKnownFileType = sourcecode.c.h; path = PrefixHeader.pch; sourceTree = "<group>"; };
		C5014A4B4C2CC8E8AEFFA3D2 /* Pods-Lab1_rgbHistogram.release.xcconfig */ = {isa = PBXFileReference; includeInIndex = 1; lastKnownFileType = text.xcconfig; name = "Pods-Lab1_rgbHistogram.release.xcconfig"; path = "../Pods/Target Support Files/Pods-Lab1_rgbHistogram/Pods-Lab1_rgbHistogram.release.xcconfig"; sourceTree = "<group>"; };
/* End PBXFileReference section */

/* Begin PBXFrameworksBuildPhase section */
		94105EE11E6C654F00B1F1AE /* Frameworks */ = {
			isa = PBXFrameworksBuildPhase;
			buildActionMask = 2147483647;
			files = (
				2A5A75B33B3FD86DB2B9287C /* Pods_Lab1_rgbHistogram.framework in Frameworks */,
			);
			runOnlyForDeploymentPostprocessing = 0;
		};
/* End PBXFrameworksBuildPhase section */

/* Begin PBXGroup section */
		26BA3CEAE12D6CF010CFF312 /* Pods */ = {
			isa = PBXGroup;
			children = (
				8BB59AC432543EA9BF7C68EC /* Pods-Lab1_rgbHistogram.debug.xcconfig */,
				C5014A4B4C2CC8E8AEFFA3D2 /* Pods-Lab1_rgbHistogram.release.xcconfig */,
			);
			name = Pods;
			sourceTree = "<group>";
		};
		94105EDB1E6C654F00B1F1AE = {
			isa = PBXGroup;
			children = (
				94105EE61E6C654F00B1F1AE /* Lab1_rgbHistogram */,
				94105EFA1E6C658900B1F1AE /* Frameworks */,
				94105EE51E6C654F00B1F1AE /* Products */,
				26BA3CEAE12D6CF010CFF312 /* Pods */,
			);
			sourceTree = "<group>";
		};
		94105EE51E6C654F00B1F1AE /* Products */ = {
			isa = PBXGroup;
			children = (
				94105EE41E6C654F00B1F1AE /* Lab1_rgbHistogram.app */,
			);
			name = Products;
			sourceTree = "<group>";
		};
		94105EE61E6C654F00B1F1AE /* Lab1_rgbHistogram */ = {
			isa = PBXGroup;
			children = (
				94105EE71E6C654F00B1F1AE /* AppDelegate.swift */,
				94105F001E6C65F300B1F1AE /* Storyboards */,
				94105EFF1E6C65E600B1F1AE /* ViewControllers */,
				94105F011E6C660600B1F1AE /* Resources */,
			);
			name = Lab1_rgbHistogram;
			path = "Lab1-rgbHistogram";
			sourceTree = "<group>";
		};
		94105EFA1E6C658900B1F1AE /* Frameworks */ = {
			isa = PBXGroup;
			children = (
				66FD77AA0422A9B0C0944A5E /* Pods_Lab1_rgbHistogram.framework */,
			);
			name = Frameworks;
			sourceTree = "<group>";
		};
		94105EFF1E6C65E600B1F1AE /* ViewControllers */ = {
			isa = PBXGroup;
			children = (
				94105EE91E6C654F00B1F1AE /* RGBHistViewController.swift */,
			);
			name = ViewControllers;
			sourceTree = "<group>";
		};
		94105F001E6C65F300B1F1AE /* Storyboards */ = {
			isa = PBXGroup;
			children = (
				94105EEB1E6C654F00B1F1AE /* Main.storyboard */,
				94105EF01E6C654F00B1F1AE /* LaunchScreen.storyboard */,
			);
			name = Storyboards;
			sourceTree = "<group>";
		};
		94105F011E6C660600B1F1AE /* Resources */ = {
			isa = PBXGroup;
			children = (
				94105EEE1E6C654F00B1F1AE /* Assets.xcassets */,
				94105EF31E6C654F00B1F1AE /* Lab1_rgbHistogram-Info.plist */,
				94105F021E6C664700B1F1AE /* PrefixHeader.pch */,
			);
			name = Resources;
			sourceTree = "<group>";
		};
/* End PBXGroup section */

/* Begin PBXNativeTarget section */
		94105EE31E6C654F00B1F1AE /* Lab1_rgbHistogram */ = {
			isa = PBXNativeTarget;
			buildConfigurationList = 94105EF61E6C654F00B1F1AE /* Build configuration list for PBXNativeTarget "Lab1_rgbHistogram" */;
			buildPhases = (
				7380F3E85619ED033310ED4E /* [CP] Check Pods Manifest.lock */,
				94105EE01E6C654F00B1F1AE /* Sources */,
				94105EE11E6C654F00B1F1AE /* Frameworks */,
				94105EE21E6C654F00B1F1AE /* Resources */,
				92BF40D5FEDA0672E7B5E2A1 /* [CP] Embed Pods Frameworks */,
				1BD7B5FC0A9DB8175B986369 /* [CP] Copy Pods Resources */,
			);
			buildRules = (
			);
			dependencies = (
			);
			name = Lab1_rgbHistogram;
			productName = "Lab1-rgbHistogram";
			productReference = 94105EE41E6C654F00B1F1AE /* Lab1_rgbHistogram.app */;
			productType = "com.apple.product-type.application";
		};
/* End PBXNativeTarget section */

/* Begin PBXProject section */
		94105EDC1E6C654F00B1F1AE /* Project object */ = {
			isa = PBXProject;
			attributes = {
				LastSwiftUpdateCheck = 0820;
				LastUpgradeCheck = 0820;
				ORGANIZATIONNAME = Maxial;
				TargetAttributes = {
					94105EE31E6C654F00B1F1AE = {
						CreatedOnToolsVersion = 8.2.1;
						DevelopmentTeam = 8Q4KTDMYNZ;
						LastSwiftMigration = 0820;
						ProvisioningStyle = Automatic;
					};
				};
			};
			buildConfigurationList = 94105EDF1E6C654F00B1F1AE /* Build configuration list for PBXProject "Lab1_rgbHistogram" */;
			compatibilityVersion = "Xcode 3.2";
			developmentRegion = English;
			hasScannedForEncodings = 0;
			knownRegions = (
				en,
				Base,
			);
			mainGroup = 94105EDB1E6C654F00B1F1AE;
			productRefGroup = 94105EE51E6C654F00B1F1AE /* Products */;
			projectDirPath = "";
			projectRoot = "";
			targets = (
				94105EE31E6C654F00B1F1AE /* Lab1_rgbHistogram */,
			);
		};
/* End PBXProject section */

/* Begin PBXResourcesBuildPhase section */
		94105EE21E6C654F00B1F1AE /* Resources */ = {
			isa = PBXResourcesBuildPhase;
			buildActionMask = 2147483647;
			files = (
				94105EF21E6C654F00B1F1AE /* LaunchScreen.storyboard in Resources */,
				94105EEF1E6C654F00B1F1AE /* Assets.xcassets in Resources */,
				94105EED1E6C654F00B1F1AE /* Main.storyboard in Resources */,
			);
			runOnlyForDeploymentPostprocessing = 0;
		};
/* End PBXResourcesBuildPhase section */

/* Begin PBXShellScriptBuildPhase section */
		1BD7B5FC0A9DB8175B986369 /* [CP] Copy Pods Resources */ = {
			isa = PBXShellScriptBuildPhase;
			buildActionMask = 2147483647;
			files = (
			);
			inputPaths = (
			);
			name = "[CP] Copy Pods Resources";
			outputPaths = (
			);
			runOnlyForDeploymentPostprocessing = 0;
			shellPath = /bin/sh;
			shellScript = "\"${SRCROOT}/../Pods/Target Support Files/Pods-Lab1_rgbHistogram/Pods-Lab1_rgbHistogram-resources.sh\"\n";
			showEnvVarsInLog = 0;
		};
		7380F3E85619ED033310ED4E /* [CP] Check Pods Manifest.lock */ = {
			isa = PBXShellScriptBuildPhase;
			buildActionMask = 2147483647;
			files = (
			);
			inputPaths = (
			);
			name = "[CP] Check Pods Manifest.lock";
			outputPaths = (
			);
			runOnlyForDeploymentPostprocessing = 0;
			shellPath = /bin/sh;
			shellScript = "diff \"${PODS_ROOT}/../Podfile.lock\" \"${PODS_ROOT}/Manifest.lock\" > /dev/null\nif [ $? != 0 ] ; then\n    # print error to STDERR\n    echo \"error: The sandbox is not in sync with the Podfile.lock. Run 'pod install' or update your CocoaPods installation.\" >&2\n    exit 1\nfi\n";
			showEnvVarsInLog = 0;
		};
		92BF40D5FEDA0672E7B5E2A1 /* [CP] Embed Pods Frameworks */ = {
			isa = PBXShellScriptBuildPhase;
			buildActionMask = 2147483647;
			files = (
			);
			inputPaths = (
			);
			name = "[CP] Embed Pods Frameworks";
			outputPaths = (
			);
			runOnlyForDeploymentPostprocessing = 0;
			shellPath = /bin/sh;
			shellScript = "\"${SRCROOT}/../Pods/Target Support Files/Pods-Lab1_rgbHistogram/Pods-Lab1_rgbHistogram-frameworks.sh\"\n";
			showEnvVarsInLog = 0;
		};
/* End PBXShellScriptBuildPhase section */

/* Begin PBXSourcesBuildPhase section */
		94105EE01E6C654F00B1F1AE /* Sources */ = {
			isa = PBXSourcesBuildPhase;
			buildActionMask = 2147483647;
			files = (
				94105EEA1E6C654F00B1F1AE /* RGBHistViewController.swift in Sources */,
				94105EE81E6C654F00B1F1AE /* AppDelegate.swift in Sources */,
			);
			runOnlyForDeploymentPostprocessing = 0;
		};
/* End PBXSourcesBuildPhase section */

/* Begin PBXVariantGroup section */
		94105EEB1E6C654F00B1F1AE /* Main.storyboard */ = {
			isa = PBXVariantGroup;
			children = (
				94105EEC1E6C654F00B1F1AE /* Base */,
			);
			name = Main.storyboard;
			sourceTree = "<group>";
		};
		94105EF01E6C654F00B1F1AE /* LaunchScreen.storyboard */ = {
			isa = PBXVariantGroup;
			children = (
				94105EF11E6C654F00B1F1AE /* Base */,
			);
			name = LaunchScreen.storyboard;
			sourceTree = "<group>";
		};
/* End PBXVariantGroup section */

/* Begin XCBuildConfiguration section */
		94105EF41E6C654F00B1F1AE /* Debug */ = {
			isa = XCBuildConfiguration;
			buildSettings = {
				ALWAYS_SEARCH_USER_PATHS = NO;
				CLANG_ANALYZER_NONNULL = YES;
				CLANG_CXX_LANGUAGE_STANDARD = "gnu++0x";
				CLANG_CXX_LIBRARY = "libc++";
				CLANG_ENABLE_MODULES = YES;
				CLANG_ENABLE_OBJC_ARC = YES;
				CLANG_WARN_BOOL_CONVERSION = YES;
				CLANG_WARN_CONSTANT_CONVERSION = YES;
				CLANG_WARN_DIRECT_OBJC_ISA_USAGE = YES_ERROR;
				CLANG_WARN_DOCUMENTATION_COMMENTS = YES;
				CLANG_WARN_EMPTY_BODY = YES;
				CLANG_WARN_ENUM_CONVERSION = YES;
				CLANG_WARN_INFINITE_RECURSION = YES;
				CLANG_WARN_INT_CONVERSION = YES;
				CLANG_WARN_OBJC_ROOT_CLASS = YES_ERROR;
				CLANG_WARN_SUSPICIOUS_MOVE = YES;
				CLANG_WARN_UNREACHABLE_CODE = YES;
				CLANG_WARN__DUPLICATE_METHOD_MATCH = YES;
				"CODE_SIGN_IDENTITY[sdk=iphoneos*]" = "iPhone Developer";
				COPY_PHASE_STRIP = NO;
				DEBUG_INFORMATION_FORMAT = dwarf;
				ENABLE_STRICT_OBJC_MSGSEND = YES;
				ENABLE_TESTABILITY = YES;
				GCC_C_LANGUAGE_STANDARD = gnu99;
				GCC_DYNAMIC_NO_PIC = NO;
				GCC_NO_COMMON_BLOCKS = YES;
				GCC_OPTIMIZATION_LEVEL = 0;
				GCC_PREPROCESSOR_DEFINITIONS = (
					"DEBUG=1",
					"$(inherited)",
				);
				GCC_WARN_64_TO_32_BIT_CONVERSION = YES;
				GCC_WARN_ABOUT_RETURN_TYPE = YES_ERROR;
				GCC_WARN_UNDECLARED_SELECTOR = YES;
				GCC_WARN_UNINITIALIZED_AUTOS = YES_AGGRESSIVE;
				GCC_WARN_UNUSED_FUNCTION = YES;
				GCC_WARN_UNUSED_VARIABLE = YES;
				IPHONEOS_DEPLOYMENT_TARGET = 10.2;
				MTL_ENABLE_DEBUG_INFO = YES;
				ONLY_ACTIVE_ARCH = YES;
				SDKROOT = iphoneos;
				SWIFT_ACTIVE_COMPILATION_CONDITIONS = DEBUG;
				SWIFT_OPTIMIZATION_LEVEL = "-Onone";
			};
			name = Debug;
		};
		94105EF51E6C654F00B1F1AE /* Release */ = {
			isa = XCBuildConfiguration;
			buildSettings = {
				ALWAYS_SEARCH_USER_PATHS = NO;
				CLANG_ANALYZER_NONNULL = YES;
				CLANG_CXX_LANGUAGE_STANDARD = "gnu++0x";
				CLANG_CXX_LIBRARY = "libc++";
				CLANG_ENABLE_MODULES = YES;
				CLANG_ENABLE_OBJC_ARC = YES;
				CLANG_WARN_BOOL_CONVERSION = YES;
				CLANG_WARN_CONSTANT_CONVERSION = YES;
				CLANG_WARN_DIRECT_OBJC_ISA_USAGE = YES_ERROR;
				CLANG_WARN_DOCUMENTATION_COMMENTS = YES;
				CLANG_WARN_EMPTY_BODY = YES;
				CLANG_WARN_ENUM_CONVERSION = YES;
				CLANG_WARN_INFINITE_RECURSION = YES;
				CLANG_WARN_INT_CONVERSION = YES;
				CLANG_WARN_OBJC_ROOT_CLASS = YES_ERROR;
				CLANG_WARN_SUSPICIOUS_MOVE = YES;
				CLANG_WARN_UNREACHABLE_CODE = YES;
				CLANG_WARN__DUPLICATE_METHOD_MATCH = YES;
				"CODE_SIGN_IDENTITY[sdk=iphoneos*]" = "iPhone Developer";
				COPY_PHASE_STRIP = NO;
				DEBUG_INFORMATION_FORMAT = "dwarf-with-dsym";
				ENABLE_NS_ASSERTIONS = NO;
				ENABLE_STRICT_OBJC_MSGSEND = YES;
				GCC_C_LANGUAGE_STANDARD = gnu99;
				GCC_NO_COMMON_BLOCKS = YES;
				GCC_WARN_64_TO_32_BIT_CONVERSION = YES;
				GCC_WARN_ABOUT_RETURN_TYPE = YES_ERROR;
				GCC_WARN_UNDECLARED_SELECTOR = YES;
				GCC_WARN_UNINITIALIZED_AUTOS = YES_AGGRESSIVE;
				GCC_WARN_UNUSED_FUNCTION = YES;
				GCC_WARN_UNUSED_VARIABLE = YES;
				IPHONEOS_DEPLOYMENT_TARGET = 10.2;
				MTL_ENABLE_DEBUG_INFO = NO;
				SDKROOT = iphoneos;
				SWIFT_OPTIMIZATION_LEVEL = "-Owholemodule";
				VALIDATE_PRODUCT = YES;
			};
			name = Release;
		};
		94105EF71E6C654F00B1F1AE /* Debug */ = {
			isa = XCBuildConfiguration;
			baseConfigurationReference = 8BB59AC432543EA9BF7C68EC /* Pods-Lab1_rgbHistogram.debug.xcconfig */;
			buildSettings = {
				ASSETCATALOG_COMPILER_APPICON_NAME = AppIcon;
				CLANG_ENABLE_MODULES = YES;
				DEVELOPMENT_TEAM = 8Q4KTDMYNZ;
				FRAMEWORK_SEARCH_PATHS = (
					"$(inherited)",
					"$(PROJECT_DIR)",
				);
				GCC_PRECOMPILE_PREFIX_HEADER = YES;
				GCC_PREFIX_HEADER = "$(SRCROOT)/Lab1-rgbHistogram/PrefixHeader.pch";
				INFOPLIST_FILE = "Lab1-rgbHistogram/Lab1_rgbHistogram-Info.plist";
				IPHONEOS_DEPLOYMENT_TARGET = 9.0;
				LD_RUNPATH_SEARCH_PATHS = "$(inherited) @executable_path/Frameworks";
				PRODUCT_BUNDLE_IDENTIFIER = "mxl.Lab1-rgbHistogram";
				PRODUCT_NAME = "$(TARGET_NAME)";
				SWIFT_INSTALL_OBJC_HEADER = NO;
				SWIFT_OBJC_BRIDGING_HEADER = "";
				SWIFT_OPTIMIZATION_LEVEL = "-Onone";
				SWIFT_VERSION = 3.0;
			};
			name = Debug;
		};
		94105EF81E6C654F00B1F1AE /* Release */ = {
			isa = XCBuildConfiguration;
			baseConfigurationReference = C5014A4B4C2CC8E8AEFFA3D2 /* Pods-Lab1_rgbHistogram.release.xcconfig */;
			buildSettings = {
				ASSETCATALOG_COMPILER_APPICON_NAME = AppIcon;
				CLANG_ENABLE_MODULES = YES;
				DEVELOPMENT_TEAM = 8Q4KTDMYNZ;
				FRAMEWORK_SEARCH_PATHS = (
					"$(inherited)",
					"$(PROJECT_DIR)",
				);
				GCC_PRECOMPILE_PREFIX_HEADER = YES;
				GCC_PREFIX_HEADER = "$(SRCROOT)/Lab1-rgbHistogram/PrefixHeader.pch";
				INFOPLIST_FILE = "Lab1-rgbHistogram/Lab1_rgbHistogram-Info.plist";
				IPHONEOS_DEPLOYMENT_TARGET = 9.0;
				LD_RUNPATH_SEARCH_PATHS = "$(inherited) @executable_path/Frameworks";
				PRODUCT_BUNDLE_IDENTIFIER = "mxl.Lab1-rgbHistogram";
				PRODUCT_NAME = "$(TARGET_NAME)";
				SWIFT_INSTALL_OBJC_HEADER = NO;
				SWIFT_OBJC_BRIDGING_HEADER = "";
				SWIFT_VERSION = 3.0;
			};
			name = Release;
		};
/* End XCBuildConfiguration section */

/* Begin XCConfigurationList section */
		94105EDF1E6C654F00B1F1AE /* Build configuration list for PBXProject "Lab1_rgbHistogram" */ = {
			isa = XCConfigurationList;
			buildConfigurations = (
				94105EF41E6C654F00B1F1AE /* Debug */,
				94105EF51E6C654F00B1F1AE /* Release */,
			);
			defaultConfigurationIsVisible = 0;
			defaultConfigurationName = Release;
		};
		94105EF61E6C654F00B1F1AE /* Build configuration list for PBXNativeTarget "Lab1_rgbHistogram" */ = {
			isa = XCConfigurationList;
			buildConfigurations = (
				94105EF71E6C654F00B1F1AE /* Debug */,
				94105EF81E6C654F00B1F1AE /* Release */,
			);
			defaultConfigurationIsVisible = 0;
			defaultConfigurationName = Release;
		};
/* End XCConfigurationList section */
	};
	rootObject = 94105EDC1E6C654F00B1F1AE /* Project object */;
}
